
Microsoft Visual Studio Solution File, Format Version 12.00
# Visual Studio Version 16
VisualStudioVersion = 16.0.31911.196
MinimumVisualStudioVersion = 10.0.40219.1
Project("{9A19103F-16F7-4668-BE54-9A1E7A4F7556}") = "SampleWebsiteAngular", "SampleWebsiteAngular.csproj", "{274DB6B7-5AA6-458E-B1F6-D01222B7B25E}"
EndProject
Global
	GlobalSection(SolutionConfigurationPlatforms) = preSolution
		Debug|Any CPU = Debug|Any CPU
		Release|Any CPU = Release|Any CPU
	EndGlobalSection
	GlobalSection(ProjectConfigurationPlatforms) = postSolution
		{274DB6B7-5AA6-458E-B1F6-D01222B7B25E}.Debug|Any CPU.ActiveCfg = Debug|Any CPU
		{274DB6B7-5AA6-458E-B1F6-D01222B7B25E}.Debug|Any CPU.Build.0 = Debug|Any CPU
		{274DB6B7-5AA6-458E-B1F6-D01222B7B25E}.Release|Any CPU.ActiveCfg = Release|Any CPU
		{274DB6B7-5AA6-458E-B1F6-D01222B7B25E}.Release|Any CPU.Build.0 = Release|Any CPU
	EndGlobalSection
	GlobalSection(SolutionProperties) = preSolution
		HideSolutionNode = FALSE
	EndGlobalSection
	GlobalSection(ExtensibilityGlobals) = postSolution
		SolutionGuid = {265B5C0C-5599-403F-B18D-9620FFDE3B1B}
	EndGlobalSection
EndGlobal
